// !$*UTF8*$!
{
	archiveVersion = 1;
	classes = {
	};
	objectVersion = 77;
	objects = {

/* Begin PBXBuildFile section */
		244B0C9564B72FB5C784CCBC /* Pods_FinderFileUtility_2.framework in Frameworks */ = {isa = PBXBuildFile; fileRef = A0D210D98E989DAA08495894 /* Pods_FinderFileUtility_2.framework */; };
		5377122C2CEDED4200F40E3B /* FFU2 Extension.appex in Embed Foundation Extensions */ = {isa = PBXBuildFile; fileRef = 537712242CEDED4200F40E3B /* FFU2 Extension.appex */; settings = {ATTRIBUTES = (RemoveHeadersOnCopy, ); }; };
		53C6B0E52EF6A4870076A0F8 /* .swiftlint.yml in Resources */ = {isa = PBXBuildFile; fileRef = 53C6B0E42EF6A47E0076A0F8 /* .swiftlint.yml */; };
		53C6B0E62EF6A4870076A0F8 /* .swiftlint.yml in Resources */ = {isa = PBXBuildFile; fileRef = 53C6B0E42EF6A47E0076A0F8 /* .swiftlint.yml */; };
		53E5D2B42EF67ACC00BCA538 /* FFU2 Daemon.app in Copy Files */ = {isa = PBXBuildFile; fileRef = 53E5D24C2EF4473400BCA538 /* FFU2 Daemon.app */; settings = {ATTRIBUTES = (RemoveHeadersOnCopy, ); }; };
/* End PBXBuildFile section */

/* Begin PBXContainerItemProxy section */
		537711DC2CEDECDD00F40E3B /* PBXContainerItemProxy */ = {
			isa = PBXContainerItemProxy;
			containerPortal = 537711C22CEDECDC00F40E3B /* Project object */;
			proxyType = 1;
			remoteGlobalIDString = 537711C92CEDECDC00F40E3B;
			remoteInfo = "FinderFileUtility 2";
		};
		537711E62CEDECDD00F40E3B /* PBXContainerItemProxy */ = {
			isa = PBXContainerItemProxy;
			containerPortal = 537711C22CEDECDC00F40E3B /* Project object */;
			proxyType = 1;
			remoteGlobalIDString = 537711C92CEDECDC00F40E3B;
			remoteInfo = "FinderFileUtility 2";
		};
		5377122A2CEDED4200F40E3B /* PBXContainerItemProxy */ = {
			isa = PBXContainerItemProxy;
			containerPortal = 537711C22CEDECDC00F40E3B /* Project object */;
			proxyType = 1;
			remoteGlobalIDString = 537712232CEDED4200F40E3B;
			remoteInfo = "FFU2 Extension";
		};
		53A24E3A2F07C85D006C51C0 /* PBXContainerItemProxy */ = {
			isa = PBXContainerItemProxy;
			containerPortal = 537711C22CEDECDC00F40E3B /* Project object */;
			proxyType = 1;
			remoteGlobalIDString = 53E5D24B2EF4473400BCA538;
			remoteInfo = "FFU2 Daemon";
		};
		53E5D2922EF4EF4C00BCA538 /* PBXContainerItemProxy */ = {
			isa = PBXContainerItemProxy;
			containerPortal = 537711C22CEDECDC00F40E3B /* Project object */;
			proxyType = 1;
			remoteGlobalIDString = 53E5D24B2EF4473400BCA538;
			remoteInfo = "FFU2 Daemon";
		};
/* End PBXContainerItemProxy section */

/* Begin PBXCopyFilesBuildPhase section */
		5375C2A22DB975E60028ECAC /* Embed XPC Services */ = {
			isa = PBXCopyFilesBuildPhase;
			buildActionMask = 2147483647;
			dstPath = "$(CONTENTS_FOLDER_PATH)/XPCServices";
			dstSubfolderSpec = 16;
			files = (
			);
			name = "Embed XPC Services";
			runOnlyForDeploymentPostprocessing = 0;
		};
		537712312CEDED4200F40E3B /* Embed Foundation Extensions */ = {
			isa = PBXCopyFilesBuildPhase;
			buildActionMask = 2147483647;
			dstPath = "";
			dstSubfolderSpec = 13;
			files = (
				5377122C2CEDED4200F40E3B /* FFU2 Extension.appex in Embed Foundation Extensions */,
			);
			name = "Embed Foundation Extensions";
			runOnlyForDeploymentPostprocessing = 0;
		};
		53E5D2B32EF67A9D00BCA538 /* Copy Files */ = {
			isa = PBXCopyFilesBuildPhase;
			buildActionMask = 12;
			dstPath = Contents/Library/LoginItems;
			dstSubfolderSpec = 1;
			files = (
				53E5D2B42EF67ACC00BCA538 /* FFU2 Daemon.app in Copy Files */,
			);
			name = "Copy Files";
			runOnlyForDeploymentPostprocessing = 0;
		};
/* End PBXCopyFilesBuildPhase section */

/* Begin PBXFileReference section */
		537711CA2CEDECDC00F40E3B /* FinderFileUtility 2.app */ = {isa = PBXFileReference; explicitFileType = wrapper.application; includeInIndex = 0; path = "FinderFileUtility 2.app"; sourceTree = BUILT_PRODUCTS_DIR; };
		537711DB2CEDECDD00F40E3B /* FinderFileUtility 2Tests.xctest */ = {isa = PBXFileReference; explicitFileType = wrapper.cfbundle; includeInIndex = 0; path = "FinderFileUtility 2Tests.xctest"; sourceTree = BUILT_PRODUCTS_DIR; };
		537711E52CEDECDD00F40E3B /* FinderFileUtility 2UITests.xctest */ = {isa = PBXFileReference; explicitFileType = wrapper.cfbundle; includeInIndex = 0; path = "FinderFileUtility 2UITests.xctest"; sourceTree = BUILT_PRODUCTS_DIR; };
		537712242CEDED4200F40E3B /* FFU2 Extension.appex */ = {isa = PBXFileReference; explicitFileType = "wrapper.app-extension"; includeInIndex = 0; path = "FFU2 Extension.appex"; sourceTree = BUILT_PRODUCTS_DIR; };
		53A24E362F07C85D006C51C0 /* FFU2 DaemonTests.xctest */ = {isa = PBXFileReference; explicitFileType = wrapper.cfbundle; includeInIndex = 0; path = "FFU2 DaemonTests.xctest"; sourceTree = BUILT_PRODUCTS_DIR; };
		53C6B0E42EF6A47E0076A0F8 /* .swiftlint.yml */ = {isa = PBXFileReference; lastKnownFileType = text.yaml; path = .swiftlint.yml; sourceTree = "<group>"; };
		53E5D24C2EF4473400BCA538 /* FFU2 Daemon.app */ = {isa = PBXFileReference; explicitFileType = wrapper.application; includeInIndex = 0; path = "FFU2 Daemon.app"; sourceTree = BUILT_PRODUCTS_DIR; };
		789CC7607F9C0B8EF1438A79 /* Pods-FinderFileUtility 2.release.xcconfig */ = {isa = PBXFileReference; includeInIndex = 1; lastKnownFileType = text.xcconfig; name = "Pods-FinderFileUtility 2.release.xcconfig"; path = "Target Support Files/Pods-FinderFileUtility 2/Pods-FinderFileUtility 2.release.xcconfig"; sourceTree = "<group>"; };
		7E641391FC5A92FB38BC9513 /* Pods-FinderFileUtility 2.debug.xcconfig */ = {isa = PBXFileReference; includeInIndex = 1; lastKnownFileType = text.xcconfig; name = "Pods-FinderFileUtility 2.debug.xcconfig"; path = "Target Support Files/Pods-FinderFileUtility 2/Pods-FinderFileUtility 2.debug.xcconfig"; sourceTree = "<group>"; };
		A0D210D98E989DAA08495894 /* Pods_FinderFileUtility_2.framework */ = {isa = PBXFileReference; explicitFileType = wrapper.framework; includeInIndex = 0; path = Pods_FinderFileUtility_2.framework; sourceTree = BUILT_PRODUCTS_DIR; };
/* End PBXFileReference section */

/* Begin PBXFileSystemSynchronizedBuildFileExceptionSet section */
		5377122D2CEDED4200F40E3B /* Exceptions for "FFU2 Extension" folder in "FFU2 Extension" target */ = {
			isa = PBXFileSystemSynchronizedBuildFileExceptionSet;
			membershipExceptions = (
				Info.plist,
			);
			target = 537712232CEDED4200F40E3B /* FFU2 Extension */;
		};
		53E5D2842EF447BD00BCA538 /* Exceptions for "Common" folder in "FFU2 Extension" target */ = {
			isa = PBXFileSystemSynchronizedBuildFileExceptionSet;
			membershipExceptions = (
				Domain/FileNameService.swift,
				Domain/NSAlertService.swift,
				Domain/NSPanelService.swift,
				Factory/OnlyFFU2AndDaemonFactory.swift,
				Infrastructure/DistributedNotificationHandler.swift,
				Protocols/DistributedNotificationHandlerDelegate.swift,
				Protocols/Domain/NSPanelServiceProtocol.swift,
				Protocols/NSPanelManagement.swift,
			);
			target = 537712232CEDED4200F40E3B /* FFU2 Extension */;
		};
		53E5D2852EF447BD00BCA538 /* Exceptions for "Common" folder in "FFU2 Daemon" target */ = {
			isa = PBXFileSystemSynchronizedBuildFileExceptionSet;
			membershipExceptions = (
				Domain/FileNameService.swift,
				Domain/NSAlertService.swift,
				Domain/NSPanelService.swift,
				EnvironmentKey/NotificationKey.swift,
				Factory/OnlyFFU2AndDaemonFactory.swift,
				Infrastructure/DistributedNotificationHandler.swift,
				Models/UserDefaultsModel.swift,
				Protocols/DistributedNotificationHandlerDelegate.swift,
				Protocols/Domain/FileExtensionServiceProtocol.swift,
				Protocols/Domain/FileNameServiceProtocol.swift,
				Protocols/Domain/NSAlertServiceProtocol.swift,
				Protocols/Domain/NSPanelServiceProtocol.swift,
				Protocols/Models/UserDefaultsModelProtocol.swift,
				Protocols/NSPanelManagement.swift,
			);
			target = 53E5D24B2EF4473400BCA538 /* FFU2 Daemon */;
		};
/* End PBXFileSystemSynchronizedBuildFileExceptionSet section */

/* Begin PBXFileSystemSynchronizedRootGroup section */
		537711CC2CEDECDC00F40E3B /* FinderFileUtility 2 */ = {
			isa = PBXFileSystemSynchronizedRootGroup;
			path = "FinderFileUtility 2";
			sourceTree = "<group>";
		};
		537711DE2CEDECDD00F40E3B /* FinderFileUtility 2Tests */ = {
			isa = PBXFileSystemSynchronizedRootGroup;
			path = "FinderFileUtility 2Tests";
			sourceTree = "<group>";
		};
		537711E82CEDECDD00F40E3B /* FinderFileUtility 2UITests */ = {
			isa = PBXFileSystemSynchronizedRootGroup;
			path = "FinderFileUtility 2UITests";
			sourceTree = "<group>";
		};
		537712252CEDED4200F40E3B /* FFU2 Extension */ = {
			isa = PBXFileSystemSynchronizedRootGroup;
			exceptions = (
				5377122D2CEDED4200F40E3B /* Exceptions for "FFU2 Extension" folder in "FFU2 Extension" target */,
			);
			path = "FFU2 Extension";
			sourceTree = "<group>";
		};
		53A24E372F07C85D006C51C0 /* FFU2 DaemonTests */ = {
			isa = PBXFileSystemSynchronizedRootGroup;
			path = "FFU2 DaemonTests";
			sourceTree = "<group>";
		};
		53E5D24D2EF4473400BCA538 /* FFU2 Daemon */ = {
			isa = PBXFileSystemSynchronizedRootGroup;
			path = "FFU2 Daemon";
			sourceTree = "<group>";
		};
		53F75B8D2EC9932E00C9525B /* Common */ = {
			isa = PBXFileSystemSynchronizedRootGroup;
			exceptions = (
				53E5D2842EF447BD00BCA538 /* Exceptions for "Common" folder in "FFU2 Extension" target */,
				53E5D2852EF447BD00BCA538 /* Exceptions for "Common" folder in "FFU2 Daemon" target */,
			);
			path = Common;
			sourceTree = "<group>";
		};
/* End PBXFileSystemSynchronizedRootGroup section */

/* Begin PBXFrameworksBuildPhase section */
		537711C72CEDECDC00F40E3B /* Frameworks */ = {
			isa = PBXFrameworksBuildPhase;
			buildActionMask = 2147483647;
			files = (
				244B0C9564B72FB5C784CCBC /* Pods_FinderFileUtility_2.framework in Frameworks */,
			);
			runOnlyForDeploymentPostprocessing = 0;
		};
		537711D82CEDECDD00F40E3B /* Frameworks */ = {
			isa = PBXFrameworksBuildPhase;
			buildActionMask = 2147483647;
			files = (
			);
			runOnlyForDeploymentPostprocessing = 0;
		};
		537711E22CEDECDD00F40E3B /* Frameworks */ = {
			isa = PBXFrameworksBuildPhase;
			buildActionMask = 2147483647;
			files = (
			);
			runOnlyForDeploymentPostprocessing = 0;
		};
		537712212CEDED4200F40E3B /* Frameworks */ = {
			isa = PBXFrameworksBuildPhase;
			buildActionMask = 2147483647;
			files = (
			);
			runOnlyForDeploymentPostprocessing = 0;
		};
		53A24E332F07C85D006C51C0 /* Frameworks */ = {
			isa = PBXFrameworksBuildPhase;
			buildActionMask = 2147483647;
			files = (
			);
			runOnlyForDeploymentPostprocessing = 0;
		};
		53E5D2492EF4473400BCA538 /* Frameworks */ = {
			isa = PBXFrameworksBuildPhase;
			buildActionMask = 2147483647;
			files = (
			);
			runOnlyForDeploymentPostprocessing = 0;
		};
/* End PBXFrameworksBuildPhase section */

/* Begin PBXGroup section */
		537711C12CEDECDB00F40E3B = {
			isa = PBXGroup;
			children = (
				53C6B0E42EF6A47E0076A0F8 /* .swiftlint.yml */,
				53F75B8D2EC9932E00C9525B /* Common */,
				537711CC2CEDECDC00F40E3B /* FinderFileUtility 2 */,
				537711DE2CEDECDD00F40E3B /* FinderFileUtility 2Tests */,
				537711E82CEDECDD00F40E3B /* FinderFileUtility 2UITests */,
				537712252CEDED4200F40E3B /* FFU2 Extension */,
				53E5D24D2EF4473400BCA538 /* FFU2 Daemon */,
				53A24E372F07C85D006C51C0 /* FFU2 DaemonTests */,
				53E5D2902EF4EF4C00BCA538 /* Frameworks */,
				537711CB2CEDECDC00F40E3B /* Products */,
				59DF4CFCB0831D6A2AB70EDB /* Pods */,
			);
			sourceTree = "<group>";
		};
		537711CB2CEDECDC00F40E3B /* Products */ = {
			isa = PBXGroup;
			children = (
				537711CA2CEDECDC00F40E3B /* FinderFileUtility 2.app */,
				537711DB2CEDECDD00F40E3B /* FinderFileUtility 2Tests.xctest */,
				537711E52CEDECDD00F40E3B /* FinderFileUtility 2UITests.xctest */,
				537712242CEDED4200F40E3B /* FFU2 Extension.appex */,
				53E5D24C2EF4473400BCA538 /* FFU2 Daemon.app */,
				53A24E362F07C85D006C51C0 /* FFU2 DaemonTests.xctest */,
			);
			name = Products;
			sourceTree = "<group>";
		};
		53E5D2902EF4EF4C00BCA538 /* Frameworks */ = {
			isa = PBXGroup;
			children = (
				A0D210D98E989DAA08495894 /* Pods_FinderFileUtility_2.framework */,
			);
			name = Frameworks;
			sourceTree = "<group>";
		};
		59DF4CFCB0831D6A2AB70EDB /* Pods */ = {
			isa = PBXGroup;
			children = (
				7E641391FC5A92FB38BC9513 /* Pods-FinderFileUtility 2.debug.xcconfig */,
				789CC7607F9C0B8EF1438A79 /* Pods-FinderFileUtility 2.release.xcconfig */,
			);
			path = Pods;
			sourceTree = "<group>";
		};
/* End PBXGroup section */

/* Begin PBXNativeTarget section */
		537711C92CEDECDC00F40E3B /* FinderFileUtility 2 */ = {
			isa = PBXNativeTarget;
			buildConfigurationList = 537711EF2CEDECDD00F40E3B /* Build configuration list for PBXNativeTarget "FinderFileUtility 2" */;
			buildPhases = (
				32FCBF9F58A264CFEDB566A4 /* [CP] Check Pods Manifest.lock */,
				537711C62CEDECDC00F40E3B /* Sources */,
				537711C72CEDECDC00F40E3B /* Frameworks */,
				537711C82CEDECDC00F40E3B /* Resources */,
				537712312CEDED4200F40E3B /* Embed Foundation Extensions */,
				5375C2A22DB975E60028ECAC /* Embed XPC Services */,
				53E5D2B32EF67A9D00BCA538 /* Copy Files */,
			);
			buildRules = (
			);
			dependencies = (
				5377122B2CEDED4200F40E3B /* PBXTargetDependency */,
				53E5D2932EF4EF4C00BCA538 /* PBXTargetDependency */,
			);
			fileSystemSynchronizedGroups = (
				537711CC2CEDECDC00F40E3B /* FinderFileUtility 2 */,
				53F75B8D2EC9932E00C9525B /* Common */,
			);
			name = "FinderFileUtility 2";
			productName = "FinderFileUtility 2";
			productReference = 537711CA2CEDECDC00F40E3B /* FinderFileUtility 2.app */;
			productType = "com.apple.product-type.application";
		};
		537711DA2CEDECDD00F40E3B /* FinderFileUtility 2Tests */ = {
			isa = PBXNativeTarget;
			buildConfigurationList = 537711F22CEDECDD00F40E3B /* Build configuration list for PBXNativeTarget "FinderFileUtility 2Tests" */;
			buildPhases = (
				537711D72CEDECDD00F40E3B /* Sources */,
				537711D82CEDECDD00F40E3B /* Frameworks */,
				537711D92CEDECDD00F40E3B /* Resources */,
			);
			buildRules = (
			);
			dependencies = (
				537711DD2CEDECDD00F40E3B /* PBXTargetDependency */,
			);
			fileSystemSynchronizedGroups = (
				537711DE2CEDECDD00F40E3B /* FinderFileUtility 2Tests */,
			);
			name = "FinderFileUtility 2Tests";
			productName = "FinderFileUtility 2Tests";
			productReference = 537711DB2CEDECDD00F40E3B /* FinderFileUtility 2Tests.xctest */;
			productType = "com.apple.product-type.bundle.unit-test";
		};
		537711E42CEDECDD00F40E3B /* FinderFileUtility 2UITests */ = {
			isa = PBXNativeTarget;
			buildConfigurationList = 537711F52CEDECDD00F40E3B /* Build configuration list for PBXNativeTarget "FinderFileUtility 2UITests" */;
			buildPhases = (
				537711E12CEDECDD00F40E3B /* Sources */,
				537711E22CEDECDD00F40E3B /* Frameworks */,
				537711E32CEDECDD00F40E3B /* Resources */,
			);
			buildRules = (
			);
			dependencies = (
				537711E72CEDECDD00F40E3B /* PBXTargetDependency */,
			);
			fileSystemSynchronizedGroups = (
				537711E82CEDECDD00F40E3B /* FinderFileUtility 2UITests */,
			);
			name = "FinderFileUtility 2UITests";
			productName = "FinderFileUtility 2UITests";
			productReference = 537711E52CEDECDD00F40E3B /* FinderFileUtility 2UITests.xctest */;
			productType = "com.apple.product-type.bundle.ui-testing";
		};
		537712232CEDED4200F40E3B /* FFU2 Extension */ = {
			isa = PBXNativeTarget;
			buildConfigurationList = 5377122E2CEDED4200F40E3B /* Build configuration list for PBXNativeTarget "FFU2 Extension" */;
			buildPhases = (
				537712202CEDED4200F40E3B /* Sources */,
				537712212CEDED4200F40E3B /* Frameworks */,
				537712222CEDED4200F40E3B /* Resources */,
			);
			buildRules = (
			);
			dependencies = (
			);
			fileSystemSynchronizedGroups = (
				537712252CEDED4200F40E3B /* FFU2 Extension */,
				53F75B8D2EC9932E00C9525B /* Common */,
			);
			name = "FFU2 Extension";
			productName = "FFU2 Extension";
			productReference = 537712242CEDED4200F40E3B /* FFU2 Extension.appex */;
			productType = "com.apple.product-type.app-extension";
		};
		53A24E352F07C85D006C51C0 /* FFU2 DaemonTests */ = {
			isa = PBXNativeTarget;
			buildConfigurationList = 53A24E3C2F07C85D006C51C0 /* Build configuration list for PBXNativeTarget "FFU2 DaemonTests" */;
			buildPhases = (
				53A24E322F07C85D006C51C0 /* Sources */,
				53A24E332F07C85D006C51C0 /* Frameworks */,
				53A24E342F07C85D006C51C0 /* Resources */,
			);
			buildRules = (
			);
			dependencies = (
				53A24E3B2F07C85D006C51C0 /* PBXTargetDependency */,
			);
			fileSystemSynchronizedGroups = (
				53A24E372F07C85D006C51C0 /* FFU2 DaemonTests */,
			);
			name = "FFU2 DaemonTests";
			packageProductDependencies = (
			);
			productName = "FFU2 DaemonTests";
			productReference = 53A24E362F07C85D006C51C0 /* FFU2 DaemonTests.xctest */;
			productType = "com.apple.product-type.bundle.unit-test";
		};
		53E5D24B2EF4473400BCA538 /* FFU2 Daemon */ = {
			isa = PBXNativeTarget;
			buildConfigurationList = 53E5D2542EF4473500BCA538 /* Build configuration list for PBXNativeTarget "FFU2 Daemon" */;
			buildPhases = (
				53E5D2482EF4473400BCA538 /* Sources */,
				53E5D2492EF4473400BCA538 /* Frameworks */,
				53E5D24A2EF4473400BCA538 /* Resources */,
			);
			buildRules = (
			);
			dependencies = (
			);
			fileSystemSynchronizedGroups = (
				53E5D24D2EF4473400BCA538 /* FFU2 Daemon */,
			);
			name = "FFU2 Daemon";
			productName = "FFU2 Daemon";
			productReference = 53E5D24C2EF4473400BCA538 /* FFU2 Daemon.app */;
			productType = "com.apple.product-type.application";
		};
/* End PBXNativeTarget section */

/* Begin PBXProject section */
		537711C22CEDECDC00F40E3B /* Project object */ = {
			isa = PBXProject;
			attributes = {
				BuildIndependentTargetsInParallel = 1;
				LastSwiftUpdateCheck = 2620;
				LastUpgradeCheck = 2620;
				TargetAttributes = {
					537711C92CEDECDC00F40E3B = {
						CreatedOnToolsVersion = 16.1;
					};
					537711DA2CEDECDD00F40E3B = {
						CreatedOnToolsVersion = 16.1;
						TestTargetID = 537711C92CEDECDC00F40E3B;
					};
					537711E42CEDECDD00F40E3B = {
						CreatedOnToolsVersion = 16.1;
						TestTargetID = 537711C92CEDECDC00F40E3B;
					};
					537712232CEDED4200F40E3B = {
						CreatedOnToolsVersion = 16.1;
					};
					53A24E352F07C85D006C51C0 = {
						CreatedOnToolsVersion = 26.2;
						LastSwiftMigration = 2620;
						TestTargetID = 53E5D24B2EF4473400BCA538;
					};
					53E5D24B2EF4473400BCA538 = {
						CreatedOnToolsVersion = 26.2;
					};
				};
			};
			buildConfigurationList = 537711C52CEDECDC00F40E3B /* Build configuration list for PBXProject "FinderFileUtility 2" */;
			developmentRegion = en;
			hasScannedForEncodings = 0;
			knownRegions = (
				en,
				Base,
			);
			mainGroup = 537711C12CEDECDB00F40E3B;
			minimizedProjectReferenceProxies = 1;
			preferredProjectObjectVersion = 77;
			productRefGroup = 537711CB2CEDECDC00F40E3B /* Products */;
			projectDirPath = "";
			projectRoot = "";
			targets = (
				537711C92CEDECDC00F40E3B /* FinderFileUtility 2 */,
				537711DA2CEDECDD00F40E3B /* FinderFileUtility 2Tests */,
				537711E42CEDECDD00F40E3B /* FinderFileUtility 2UITests */,
				537712232CEDED4200F40E3B /* FFU2 Extension */,
				53E5D24B2EF4473400BCA538 /* FFU2 Daemon */,
				53A24E352F07C85D006C51C0 /* FFU2 DaemonTests */,
			);
		};
/* End PBXProject section */

/* Begin PBXResourcesBuildPhase section */
		537711C82CEDECDC00F40E3B /* Resources */ = {
			isa = PBXResourcesBuildPhase;
			buildActionMask = 2147483647;
			files = (
				53C6B0E62EF6A4870076A0F8 /* .swiftlint.yml in Resources */,
			);
			runOnlyForDeploymentPostprocessing = 0;
		};
		537711D92CEDECDD00F40E3B /* Resources */ = {
			isa = PBXResourcesBuildPhase;
			buildActionMask = 2147483647;
			files = (
			);
			runOnlyForDeploymentPostprocessing = 0;
		};
		537711E32CEDECDD00F40E3B /* Resources */ = {
			isa = PBXResourcesBuildPhase;
			buildActionMask = 2147483647;
			files = (
			);
			runOnlyForDeploymentPostprocessing = 0;
		};
		537712222CEDED4200F40E3B /* Resources */ = {
			isa = PBXResourcesBuildPhase;
			buildActionMask = 2147483647;
			files = (
				53C6B0E52EF6A4870076A0F8 /* .swiftlint.yml in Resources */,
			);
			runOnlyForDeploymentPostprocessing = 0;
		};
		53A24E342F07C85D006C51C0 /* Resources */ = {
			isa = PBXResourcesBuildPhase;
			buildActionMask = 2147483647;
			files = (
			);
			runOnlyForDeploymentPostprocessing = 0;
		};
		53E5D24A2EF4473400BCA538 /* Resources */ = {
			isa = PBXResourcesBuildPhase;
			buildActionMask = 2147483647;
			files = (
			);
			runOnlyForDeploymentPostprocessing = 0;
		};
/* End PBXResourcesBuildPhase section */

/* Begin PBXShellScriptBuildPhase section */
		32FCBF9F58A264CFEDB566A4 /* [CP] Check Pods Manifest.lock */ = {
			isa = PBXShellScriptBuildPhase;
			buildActionMask = 2147483647;
			files = (
			);
			inputFileListPaths = (
			);
			inputPaths = (
				"${PODS_PODFILE_DIR_PATH}/Podfile.lock",
				"${PODS_ROOT}/Manifest.lock",
			);
			name = "[CP] Check Pods Manifest.lock";
			outputFileListPaths = (
			);
			outputPaths = (
				"$(DERIVED_FILE_DIR)/Pods-FinderFileUtility 2-checkManifestLockResult.txt",
			);
			runOnlyForDeploymentPostprocessing = 0;
			shellPath = /bin/sh;
			shellScript = "diff \"${PODS_PODFILE_DIR_PATH}/Podfile.lock\" \"${PODS_ROOT}/Manifest.lock\" > /dev/null\nif [ $? != 0 ] ; then\n    # print error to STDERR\n    echo \"error: The sandbox is not in sync with the Podfile.lock. Run 'pod install' or update your CocoaPods installation.\" >&2\n    exit 1\nfi\n# This output is used by Xcode 'outputs' to avoid re-running this script phase.\necho \"SUCCESS\" > \"${SCRIPT_OUTPUT_FILE_0}\"\n";
			showEnvVarsInLog = 0;
		};
/* End PBXShellScriptBuildPhase section */

/* Begin PBXSourcesBuildPhase section */
		537711C62CEDECDC00F40E3B /* Sources */ = {
			isa = PBXSourcesBuildPhase;
			buildActionMask = 2147483647;
			files = (
			);
			runOnlyForDeploymentPostprocessing = 0;
		};
		537711D72CEDECDD00F40E3B /* Sources */ = {
			isa = PBXSourcesBuildPhase;
			buildActionMask = 2147483647;
			files = (
			);
			runOnlyForDeploymentPostprocessing = 0;
		};
		537711E12CEDECDD00F40E3B /* Sources */ = {
			isa = PBXSourcesBuildPhase;
			buildActionMask = 2147483647;
			files = (
			);
			runOnlyForDeploymentPostprocessing = 0;
		};
		537712202CEDED4200F40E3B /* Sources */ = {
			isa = PBXSourcesBuildPhase;
			buildActionMask = 2147483647;
			files = (
			);
			runOnlyForDeploymentPostprocessing = 0;
		};
		53A24E322F07C85D006C51C0 /* Sources */ = {
			isa = PBXSourcesBuildPhase;
			buildActionMask = 2147483647;
			files = (
			);
			runOnlyForDeploymentPostprocessing = 0;
		};
		53E5D2482EF4473400BCA538 /* Sources */ = {
			isa = PBXSourcesBuildPhase;
			buildActionMask = 2147483647;
			files = (
			);
			runOnlyForDeploymentPostprocessing = 0;
		};
/* End PBXSourcesBuildPhase section */

/* Begin PBXTargetDependency section */
		537711DD2CEDECDD00F40E3B /* PBXTargetDependency */ = {
			isa = PBXTargetDependency;
			target = 537711C92CEDECDC00F40E3B /* FinderFileUtility 2 */;
			targetProxy = 537711DC2CEDECDD00F40E3B /* PBXContainerItemProxy */;
		};
		537711E72CEDECDD00F40E3B /* PBXTargetDependency */ = {
			isa = PBXTargetDependency;
			target = 537711C92CEDECDC00F40E3B /* FinderFileUtility 2 */;
			targetProxy = 537711E62CEDECDD00F40E3B /* PBXContainerItemProxy */;
		};
		5377122B2CEDED4200F40E3B /* PBXTargetDependency */ = {
			isa = PBXTargetDependency;
			target = 537712232CEDED4200F40E3B /* FFU2 Extension */;
			targetProxy = 5377122A2CEDED4200F40E3B /* PBXContainerItemProxy */;
		};
		53A24E3B2F07C85D006C51C0 /* PBXTargetDependency */ = {
			isa = PBXTargetDependency;
			target = 53E5D24B2EF4473400BCA538 /* FFU2 Daemon */;
			targetProxy = 53A24E3A2F07C85D006C51C0 /* PBXContainerItemProxy */;
		};
		53E5D2932EF4EF4C00BCA538 /* PBXTargetDependency */ = {
			isa = PBXTargetDependency;
			target = 53E5D24B2EF4473400BCA538 /* FFU2 Daemon */;
			targetProxy = 53E5D2922EF4EF4C00BCA538 /* PBXContainerItemProxy */;
		};
/* End PBXTargetDependency section */

/* Begin XCBuildConfiguration section */
		537711ED2CEDECDD00F40E3B /* Debug */ = {
			isa = XCBuildConfiguration;
			buildSettings = {
				ALWAYS_SEARCH_USER_PATHS = NO;
				ASSETCATALOG_COMPILER_GENERATE_SWIFT_ASSET_SYMBOL_EXTENSIONS = YES;
				CLANG_ANALYZER_NONNULL = YES;
				CLANG_ANALYZER_NUMBER_OBJECT_CONVERSION = YES_AGGRESSIVE;
				CLANG_CXX_LANGUAGE_STANDARD = "gnu++20";
				CLANG_ENABLE_MODULES = YES;
				CLANG_ENABLE_OBJC_ARC = YES;
				CLANG_ENABLE_OBJC_WEAK = YES;
				CLANG_WARN_BLOCK_CAPTURE_AUTORELEASING = YES;
				CLANG_WARN_BOOL_CONVERSION = YES;
				CLANG_WARN_COMMA = YES;
				CLANG_WARN_CONSTANT_CONVERSION = YES;
				CLANG_WARN_DEPRECATED_OBJC_IMPLEMENTATIONS = YES;
				CLANG_WARN_DIRECT_OBJC_ISA_USAGE = YES_ERROR;
				CLANG_WARN_DOCUMENTATION_COMMENTS = YES;
				CLANG_WARN_EMPTY_BODY = YES;
				CLANG_WARN_ENUM_CONVERSION = YES;
				CLANG_WARN_INFINITE_RECURSION = YES;
				CLANG_WARN_INT_CONVERSION = YES;
				CLANG_WARN_NON_LITERAL_NULL_CONVERSION = YES;
				CLANG_WARN_OBJC_IMPLICIT_RETAIN_SELF = YES;
				CLANG_WARN_OBJC_LITERAL_CONVERSION = YES;
				CLANG_WARN_OBJC_ROOT_CLASS = YES_ERROR;
				CLANG_WARN_QUOTED_INCLUDE_IN_FRAMEWORK_HEADER = YES;
				CLANG_WARN_RANGE_LOOP_ANALYSIS = YES;
				CLANG_WARN_STRICT_PROTOTYPES = YES;
				CLANG_WARN_SUSPICIOUS_MOVE = YES;
				CLANG_WARN_UNGUARDED_AVAILABILITY = YES_AGGRESSIVE;
				CLANG_WARN_UNREACHABLE_CODE = YES;
				CLANG_WARN__DUPLICATE_METHOD_MATCH = YES;
				COPY_PHASE_STRIP = NO;
				DEAD_CODE_STRIPPING = YES;
				DEBUG_INFORMATION_FORMAT = dwarf;
				DEVELOPMENT_TEAM = HWETRKW89U;
				ENABLE_STRICT_OBJC_MSGSEND = YES;
				ENABLE_TESTABILITY = YES;
				ENABLE_USER_SCRIPT_SANDBOXING = NO;
				GCC_C_LANGUAGE_STANDARD = gnu17;
				GCC_DYNAMIC_NO_PIC = NO;
				GCC_NO_COMMON_BLOCKS = YES;
				GCC_OPTIMIZATION_LEVEL = 0;
				GCC_PREPROCESSOR_DEFINITIONS = (
					"DEBUG=1",
					"$(inherited)",
				);
				GCC_WARN_64_TO_32_BIT_CONVERSION = YES;
				GCC_WARN_ABOUT_RETURN_TYPE = YES_ERROR;
				GCC_WARN_UNDECLARED_SELECTOR = YES;
				GCC_WARN_UNINITIALIZED_AUTOS = YES_AGGRESSIVE;
				GCC_WARN_UNUSED_FUNCTION = YES;
				GCC_WARN_UNUSED_VARIABLE = YES;
				LOCALIZATION_PREFERS_STRING_CATALOGS = YES;
				MACOSX_DEPLOYMENT_TARGET = 26.0;
				MTL_ENABLE_DEBUG_INFO = INCLUDE_SOURCE;
				MTL_FAST_MATH = YES;
				ONLY_ACTIVE_ARCH = YES;
				SDKROOT = macosx;
				STRING_CATALOG_GENERATE_SYMBOLS = YES;
				SWIFT_ACTIVE_COMPILATION_CONDITIONS = "DEBUG $(inherited)";
				SWIFT_OPTIMIZATION_LEVEL = "-Onone";
			};
			name = Debug;
		};
		537711EE2CEDECDD00F40E3B /* Release */ = {
			isa = XCBuildConfiguration;
			buildSettings = {
				ALWAYS_SEARCH_USER_PATHS = NO;
				ASSETCATALOG_COMPILER_GENERATE_SWIFT_ASSET_SYMBOL_EXTENSIONS = YES;
				CLANG_ANALYZER_NONNULL = YES;
				CLANG_ANALYZER_NUMBER_OBJECT_CONVERSION = YES_AGGRESSIVE;
				CLANG_CXX_LANGUAGE_STANDARD = "gnu++20";
				CLANG_ENABLE_MODULES = YES;
				CLANG_ENABLE_OBJC_ARC = YES;
				CLANG_ENABLE_OBJC_WEAK = YES;
				CLANG_WARN_BLOCK_CAPTURE_AUTORELEASING = YES;
				CLANG_WARN_BOOL_CONVERSION = YES;
				CLANG_WARN_COMMA = YES;
				CLANG_WARN_CONSTANT_CONVERSION = YES;
				CLANG_WARN_DEPRECATED_OBJC_IMPLEMENTATIONS = YES;
				CLANG_WARN_DIRECT_OBJC_ISA_USAGE = YES_ERROR;
				CLANG_WARN_DOCUMENTATION_COMMENTS = YES;
				CLANG_WARN_EMPTY_BODY = YES;
				CLANG_WARN_ENUM_CONVERSION = YES;
				CLANG_WARN_INFINITE_RECURSION = YES;
				CLANG_WARN_INT_CONVERSION = YES;
				CLANG_WARN_NON_LITERAL_NULL_CONVERSION = YES;
				CLANG_WARN_OBJC_IMPLICIT_RETAIN_SELF = YES;
				CLANG_WARN_OBJC_LITERAL_CONVERSION = YES;
				CLANG_WARN_OBJC_ROOT_CLASS = YES_ERROR;
				CLANG_WARN_QUOTED_INCLUDE_IN_FRAMEWORK_HEADER = YES;
				CLANG_WARN_RANGE_LOOP_ANALYSIS = YES;
				CLANG_WARN_STRICT_PROTOTYPES = YES;
				CLANG_WARN_SUSPICIOUS_MOVE = YES;
				CLANG_WARN_UNGUARDED_AVAILABILITY = YES_AGGRESSIVE;
				CLANG_WARN_UNREACHABLE_CODE = YES;
				CLANG_WARN__DUPLICATE_METHOD_MATCH = YES;
				COPY_PHASE_STRIP = NO;
				DEAD_CODE_STRIPPING = YES;
				DEBUG_INFORMATION_FORMAT = "dwarf-with-dsym";
				DEVELOPMENT_TEAM = HWETRKW89U;
				ENABLE_NS_ASSERTIONS = NO;
				ENABLE_STRICT_OBJC_MSGSEND = YES;
				ENABLE_USER_SCRIPT_SANDBOXING = NO;
				GCC_C_LANGUAGE_STANDARD = gnu17;
				GCC_NO_COMMON_BLOCKS = YES;
				GCC_WARN_64_TO_32_BIT_CONVERSION = YES;
				GCC_WARN_ABOUT_RETURN_TYPE = YES_ERROR;
				GCC_WARN_UNDECLARED_SELECTOR = YES;
				GCC_WARN_UNINITIALIZED_AUTOS = YES_AGGRESSIVE;
				GCC_WARN_UNUSED_FUNCTION = YES;
				GCC_WARN_UNUSED_VARIABLE = YES;
				LOCALIZATION_PREFERS_STRING_CATALOGS = YES;
				MACOSX_DEPLOYMENT_TARGET = 26.0;
				MTL_ENABLE_DEBUG_INFO = NO;
				MTL_FAST_MATH = YES;
				SDKROOT = macosx;
				STRING_CATALOG_GENERATE_SYMBOLS = YES;
				SWIFT_COMPILATION_MODE = wholemodule;
			};
			name = Release;
		};
		537711F02CEDECDD00F40E3B /* Debug */ = {
			isa = XCBuildConfiguration;
			baseConfigurationReference = 7E641391FC5A92FB38BC9513 /* Pods-FinderFileUtility 2.debug.xcconfig */;
			buildSettings = {
				ASSETCATALOG_COMPILER_APPICON_NAME = AppIcon;
				ASSETCATALOG_COMPILER_GLOBAL_ACCENT_COLOR_NAME = AccentColor;
				ASSETCATALOG_COMPILER_INCLUDE_ALL_APPICON_ASSETS = YES;
				AUTOMATION_APPLE_EVENTS = NO;
				CODE_SIGN_ENTITLEMENTS = "FinderFileUtility 2/FinderFileUtility_2.entitlements";
				CODE_SIGN_STYLE = Automatic;
				COMBINE_HIDPI_IMAGES = YES;
				CURRENT_PROJECT_VERSION = 1;
				DEAD_CODE_STRIPPING = YES;
				DEFINES_MODULE = YES;
				DEVELOPMENT_ASSET_PATHS = "\"FinderFileUtility 2/Preview Content\"";
				ENABLE_APP_SANDBOX = YES;
				ENABLE_HARDENED_RUNTIME = YES;
				ENABLE_INCOMING_NETWORK_CONNECTIONS = NO;
				ENABLE_OUTGOING_NETWORK_CONNECTIONS = NO;
				ENABLE_PREVIEWS = YES;
				ENABLE_RESOURCE_ACCESS_AUDIO_INPUT = NO;
				ENABLE_RESOURCE_ACCESS_BLUETOOTH = NO;
				ENABLE_RESOURCE_ACCESS_CALENDARS = NO;
				ENABLE_RESOURCE_ACCESS_CAMERA = NO;
				ENABLE_RESOURCE_ACCESS_CONTACTS = NO;
				ENABLE_RESOURCE_ACCESS_LOCATION = NO;
				ENABLE_RESOURCE_ACCESS_PHOTO_LIBRARY = NO;
				ENABLE_RESOURCE_ACCESS_PRINTING = NO;
				ENABLE_RESOURCE_ACCESS_USB = NO;
				ENABLE_USER_SELECTED_FILES = readwrite;
				GENERATE_INFOPLIST_FILE = YES;
				INFOPLIST_FILE = "FinderFileUtility-2-Info.plist";
				"INFOPLIST_FILE[sdk=macosx*]" = "";
				INFOPLIST_KEY_CFBundleDisplayName = "";
				INFOPLIST_KEY_LSApplicationCategoryType = "";
				INFOPLIST_KEY_NSHumanReadableCopyright = "";
				LD_RUNPATH_SEARCH_PATHS = (
					"$(inherited)",
					"@executable_path/../Frameworks",
				);
				MACOSX_DEPLOYMENT_TARGET = 26.0;
				MARKETING_VERSION = 1.0;
				PRODUCT_BUNDLE_IDENTIFIER = "ShowyaTanaka.FinderFileUtility-2";
				PRODUCT_NAME = "$(TARGET_NAME)";
				REGISTER_APP_GROUPS = YES;
				RUNTIME_EXCEPTION_ALLOW_DYLD_ENVIRONMENT_VARIABLES = NO;
				RUNTIME_EXCEPTION_ALLOW_JIT = NO;
				RUNTIME_EXCEPTION_ALLOW_UNSIGNED_EXECUTABLE_MEMORY = NO;
				RUNTIME_EXCEPTION_DEBUGGING_TOOL = NO;
				RUNTIME_EXCEPTION_DISABLE_EXECUTABLE_PAGE_PROTECTION = NO;
				RUNTIME_EXCEPTION_DISABLE_LIBRARY_VALIDATION = NO;
				SWIFT_EMIT_LOC_STRINGS = YES;
				SWIFT_VERSION = 5.0;
			};
			name = Debug;
		};
		537711F12CEDECDD00F40E3B /* Release */ = {
			isa = XCBuildConfiguration;
			baseConfigurationReference = 789CC7607F9C0B8EF1438A79 /* Pods-FinderFileUtility 2.release.xcconfig */;
			buildSettings = {
				ASSETCATALOG_COMPILER_APPICON_NAME = AppIcon;
				ASSETCATALOG_COMPILER_GLOBAL_ACCENT_COLOR_NAME = AccentColor;
				ASSETCATALOG_COMPILER_INCLUDE_ALL_APPICON_ASSETS = YES;
				AUTOMATION_APPLE_EVENTS = NO;
				CODE_SIGN_ENTITLEMENTS = "FinderFileUtility 2/FinderFileUtility 2Release.entitlements";
				CODE_SIGN_STYLE = Automatic;
				COMBINE_HIDPI_IMAGES = YES;
				CURRENT_PROJECT_VERSION = 1;
				DEAD_CODE_STRIPPING = YES;
				DEFINES_MODULE = YES;
				DEVELOPMENT_ASSET_PATHS = "\"FinderFileUtility 2/Preview Content\"";
				ENABLE_APP_SANDBOX = YES;
				ENABLE_HARDENED_RUNTIME = YES;
				ENABLE_INCOMING_NETWORK_CONNECTIONS = NO;
				ENABLE_OUTGOING_NETWORK_CONNECTIONS = NO;
				ENABLE_PREVIEWS = YES;
				ENABLE_RESOURCE_ACCESS_AUDIO_INPUT = NO;
				ENABLE_RESOURCE_ACCESS_BLUETOOTH = NO;
				ENABLE_RESOURCE_ACCESS_CALENDARS = NO;
				ENABLE_RESOURCE_ACCESS_CAMERA = NO;
				ENABLE_RESOURCE_ACCESS_CONTACTS = NO;
				ENABLE_RESOURCE_ACCESS_LOCATION = NO;
				ENABLE_RESOURCE_ACCESS_PHOTO_LIBRARY = NO;
				ENABLE_RESOURCE_ACCESS_PRINTING = NO;
				ENABLE_RESOURCE_ACCESS_USB = NO;
				ENABLE_USER_SELECTED_FILES = readwrite;
				GENERATE_INFOPLIST_FILE = YES;
				INFOPLIST_FILE = "FinderFileUtility-2-Info.plist";
				INFOPLIST_KEY_CFBundleDisplayName = "";
				INFOPLIST_KEY_LSApplicationCategoryType = "";
				INFOPLIST_KEY_NSHumanReadableCopyright = "";
				LD_RUNPATH_SEARCH_PATHS = (
					"$(inherited)",
					"@executable_path/../Frameworks",
				);
				MACOSX_DEPLOYMENT_TARGET = 26.0;
				MARKETING_VERSION = 1.0;
				PRODUCT_BUNDLE_IDENTIFIER = "ShowyaTanaka.FinderFileUtility-2";
				PRODUCT_NAME = "$(TARGET_NAME)";
				REGISTER_APP_GROUPS = YES;
				RUNTIME_EXCEPTION_ALLOW_DYLD_ENVIRONMENT_VARIABLES = NO;
				RUNTIME_EXCEPTION_ALLOW_JIT = NO;
				RUNTIME_EXCEPTION_ALLOW_UNSIGNED_EXECUTABLE_MEMORY = NO;
				RUNTIME_EXCEPTION_DEBUGGING_TOOL = NO;
				RUNTIME_EXCEPTION_DISABLE_EXECUTABLE_PAGE_PROTECTION = NO;
				RUNTIME_EXCEPTION_DISABLE_LIBRARY_VALIDATION = NO;
				SWIFT_EMIT_LOC_STRINGS = YES;
				SWIFT_VERSION = 5.0;
			};
			name = Release;
		};
		537711F32CEDECDD00F40E3B /* Debug */ = {
			isa = XCBuildConfiguration;
			buildSettings = {
				BUNDLE_LOADER = "$(TEST_HOST)";
				"CODE_SIGN_IDENTITY[sdk=macosx*]" = "Apple Development";
				CODE_SIGN_STYLE = Automatic;
				CURRENT_PROJECT_VERSION = 1;
				DEAD_CODE_STRIPPING = YES;
				GENERATE_INFOPLIST_FILE = YES;
				MACOSX_DEPLOYMENT_TARGET = 26.0;
				MARKETING_VERSION = 1.0;
				PRODUCT_BUNDLE_IDENTIFIER = "ShowyaTanaka.FinderFileUtility-2Tests";
				PRODUCT_NAME = "$(TARGET_NAME)";
				SWIFT_EMIT_LOC_STRINGS = NO;
				SWIFT_VERSION = 5.0;
				TEST_HOST = "$(BUILT_PRODUCTS_DIR)/FinderFileUtility 2.app/$(BUNDLE_EXECUTABLE_FOLDER_PATH)/FinderFileUtility 2";
			};
			name = Debug;
		};
		537711F42CEDECDD00F40E3B /* Release */ = {
			isa = XCBuildConfiguration;
			buildSettings = {
				BUNDLE_LOADER = "$(TEST_HOST)";
				"CODE_SIGN_IDENTITY[sdk=macosx*]" = "Apple Development";
				CODE_SIGN_STYLE = Automatic;
				CURRENT_PROJECT_VERSION = 1;
				DEAD_CODE_STRIPPING = YES;
				GENERATE_INFOPLIST_FILE = YES;
				MACOSX_DEPLOYMENT_TARGET = 26.0;
				MARKETING_VERSION = 1.0;
				PRODUCT_BUNDLE_IDENTIFIER = "ShowyaTanaka.FinderFileUtility-2Tests";
				PRODUCT_NAME = "$(TARGET_NAME)";
				SWIFT_EMIT_LOC_STRINGS = NO;
				SWIFT_VERSION = 5.0;
				TEST_HOST = "$(BUILT_PRODUCTS_DIR)/FinderFileUtility 2.app/$(BUNDLE_EXECUTABLE_FOLDER_PATH)/FinderFileUtility 2";
			};
			name = Release;
		};
		537711F62CEDECDD00F40E3B /* Debug */ = {
			isa = XCBuildConfiguration;
			buildSettings = {
				CODE_SIGN_STYLE = Automatic;
				CURRENT_PROJECT_VERSION = 1;
				DEAD_CODE_STRIPPING = YES;
				GENERATE_INFOPLIST_FILE = YES;
				MARKETING_VERSION = 1.0;
				PRODUCT_BUNDLE_IDENTIFIER = "ShowyaTanaka.FinderFileUtility-2UITests";
				PRODUCT_NAME = "$(TARGET_NAME)";
				SWIFT_EMIT_LOC_STRINGS = NO;
				SWIFT_VERSION = 5.0;
				TEST_TARGET_NAME = "FinderFileUtility 2";
			};
			name = Debug;
		};
		537711F72CEDECDD00F40E3B /* Release */ = {
			isa = XCBuildConfiguration;
			buildSettings = {
				CODE_SIGN_STYLE = Automatic;
				CURRENT_PROJECT_VERSION = 1;
				DEAD_CODE_STRIPPING = YES;
				GENERATE_INFOPLIST_FILE = YES;
				MARKETING_VERSION = 1.0;
				PRODUCT_BUNDLE_IDENTIFIER = "ShowyaTanaka.FinderFileUtility-2UITests";
				PRODUCT_NAME = "$(TARGET_NAME)";
				SWIFT_EMIT_LOC_STRINGS = NO;
				SWIFT_VERSION = 5.0;
				TEST_TARGET_NAME = "FinderFileUtility 2";
			};
			name = Release;
		};
		5377122F2CEDED4200F40E3B /* Debug */ = {
			isa = XCBuildConfiguration;
			buildSettings = {
				AUTOMATION_APPLE_EVENTS = YES;
				CODE_SIGN_ENTITLEMENTS = "FFU2 Extension/FFU2_Extension.entitlements";
				CODE_SIGN_STYLE = Automatic;
				COMBINE_HIDPI_IMAGES = YES;
				CURRENT_PROJECT_VERSION = 1;
				DEAD_CODE_STRIPPING = YES;
				ENABLE_APP_SANDBOX = YES;
				ENABLE_HARDENED_RUNTIME = YES;
				ENABLE_USER_SELECTED_FILES = readwrite;
				GENERATE_INFOPLIST_FILE = YES;
				INFOPLIST_FILE = "FFU2 Extension/Info.plist";
				INFOPLIST_KEY_CFBundleDisplayName = "FFU2 Extension";
				INFOPLIST_KEY_LSUIElement = YES;
				INFOPLIST_KEY_NSHumanReadableCopyright = "";
				LD_RUNPATH_SEARCH_PATHS = (
					"$(inherited)",
					"@executable_path/../Frameworks",
					"@executable_path/../../../../Frameworks",
				);
				MACOSX_DEPLOYMENT_TARGET = 26.0;
				MARKETING_VERSION = 1.0;
				PRODUCT_BUNDLE_IDENTIFIER = "ShowyaTanaka.FinderFileUtility-2";
				PRODUCT_NAME = "$(TARGET_NAME)";
				REGISTER_APP_GROUPS = YES;
				SKIP_INSTALL = YES;
				SWIFT_EMIT_LOC_STRINGS = YES;
				SWIFT_VERSION = 5.0;
			};
			name = Debug;
		};
		537712302CEDED4200F40E3B /* Release */ = {
			isa = XCBuildConfiguration;
			buildSettings = {
				AUTOMATION_APPLE_EVENTS = YES;
				CODE_SIGN_ENTITLEMENTS = "FFU2 Extension/FFU2 ExtensionRelease.entitlements";
				CODE_SIGN_STYLE = Automatic;
				COMBINE_HIDPI_IMAGES = YES;
				CURRENT_PROJECT_VERSION = 1;
				DEAD_CODE_STRIPPING = YES;
				ENABLE_APP_SANDBOX = YES;
				ENABLE_HARDENED_RUNTIME = YES;
				ENABLE_USER_SELECTED_FILES = readwrite;
				GENERATE_INFOPLIST_FILE = YES;
				INFOPLIST_FILE = "FFU2 Extension/Info.plist";
				INFOPLIST_KEY_CFBundleDisplayName = "FFU2 Extension";
				INFOPLIST_KEY_LSUIElement = YES;
				INFOPLIST_KEY_NSHumanReadableCopyright = "";
				LD_RUNPATH_SEARCH_PATHS = (
					"$(inherited)",
					"@executable_path/../Frameworks",
					"@executable_path/../../../../Frameworks",
				);
				MACOSX_DEPLOYMENT_TARGET = 26.0;
				MARKETING_VERSION = 1.0;
				PRODUCT_BUNDLE_IDENTIFIER = "ShowyaTanaka.FinderFileUtility-2";
				PRODUCT_NAME = "$(TARGET_NAME)";
				REGISTER_APP_GROUPS = YES;
				SKIP_INSTALL = YES;
				SWIFT_EMIT_LOC_STRINGS = YES;
				SWIFT_VERSION = 5.0;
			};
			name = Release;
		};
		53A24E3D2F07C85D006C51C0 /* Debug */ = {
			isa = XCBuildConfiguration;
			buildSettings = {
				BUNDLE_LOADER = "$(TEST_HOST)";
				CLANG_ENABLE_MODULES = YES;
				CODE_SIGN_STYLE = Automatic;
				CURRENT_PROJECT_VERSION = 1;
				DEVELOPMENT_TEAM = HWETRKW89U;
				ENABLE_USER_SCRIPT_SANDBOXING = YES;
				GENERATE_INFOPLIST_FILE = YES;
				MACOSX_DEPLOYMENT_TARGET = 26.0;
				MARKETING_VERSION = 1.0;
				PRODUCT_BUNDLE_IDENTIFIER = "com.ShowyaTanaka.FFU2-DaemonTests";
				PRODUCT_NAME = "$(TARGET_NAME)";
				STRING_CATALOG_GENERATE_SYMBOLS = NO;
				SWIFT_APPROACHABLE_CONCURRENCY = YES;
				SWIFT_EMIT_LOC_STRINGS = NO;
				SWIFT_INSTALL_OBJC_HEADER = NO;
				SWIFT_OPTIMIZATION_LEVEL = "-Onone";
				SWIFT_UPCOMING_FEATURE_MEMBER_IMPORT_VISIBILITY = YES;
				SWIFT_VERSION = 5.0;
				TEST_HOST = "$(BUILT_PRODUCTS_DIR)/FFU2 Daemon.app/$(BUNDLE_EXECUTABLE_FOLDER_PATH)/FFU2 Daemon";
			};
			name = Debug;
		};
		53A24E3E2F07C85D006C51C0 /* Release */ = {
			isa = XCBuildConfiguration;
			buildSettings = {
				BUNDLE_LOADER = "$(TEST_HOST)";
				CLANG_ENABLE_MODULES = YES;
				CODE_SIGN_STYLE = Automatic;
				CURRENT_PROJECT_VERSION = 1;
				DEVELOPMENT_TEAM = HWETRKW89U;
				ENABLE_USER_SCRIPT_SANDBOXING = YES;
				GENERATE_INFOPLIST_FILE = YES;
				MACOSX_DEPLOYMENT_TARGET = 26.0;
				MARKETING_VERSION = 1.0;
				PRODUCT_BUNDLE_IDENTIFIER = "com.ShowyaTanaka.FFU2-DaemonTests";
				PRODUCT_NAME = "$(TARGET_NAME)";
				STRING_CATALOG_GENERATE_SYMBOLS = NO;
				SWIFT_APPROACHABLE_CONCURRENCY = YES;
				SWIFT_EMIT_LOC_STRINGS = NO;
				SWIFT_INSTALL_OBJC_HEADER = NO;
				SWIFT_UPCOMING_FEATURE_MEMBER_IMPORT_VISIBILITY = YES;
				SWIFT_VERSION = 5.0;
				TEST_HOST = "$(BUILT_PRODUCTS_DIR)/FFU2 Daemon.app/$(BUNDLE_EXECUTABLE_FOLDER_PATH)/FFU2 Daemon";
			};
			name = Release;
		};
		53E5D2552EF4473500BCA538 /* Debug */ = {
			isa = XCBuildConfiguration;
			buildSettings = {
				ASSETCATALOG_COMPILER_APPICON_NAME = AppIcon;
				ASSETCATALOG_COMPILER_GLOBAL_ACCENT_COLOR_NAME = AccentColor;
				CODE_SIGN_ENTITLEMENTS = "FFU2 Daemon/FFU2 Daemon.entitlements";
				CODE_SIGN_STYLE = Automatic;
				COMBINE_HIDPI_IMAGES = YES;
				CURRENT_PROJECT_VERSION = 1;
				DEAD_CODE_STRIPPING = YES;
				ENABLE_APP_SANDBOX = YES;
				ENABLE_HARDENED_RUNTIME = YES;
				ENABLE_INCOMING_NETWORK_CONNECTIONS = NO;
				ENABLE_OUTGOING_NETWORK_CONNECTIONS = NO;
				ENABLE_PREVIEWS = YES;
				ENABLE_RESOURCE_ACCESS_AUDIO_INPUT = NO;
				ENABLE_RESOURCE_ACCESS_BLUETOOTH = NO;
				ENABLE_RESOURCE_ACCESS_CALENDARS = NO;
				ENABLE_RESOURCE_ACCESS_CAMERA = NO;
				ENABLE_RESOURCE_ACCESS_CONTACTS = NO;
				ENABLE_RESOURCE_ACCESS_LOCATION = NO;
				ENABLE_RESOURCE_ACCESS_PRINTING = NO;
				ENABLE_RESOURCE_ACCESS_USB = NO;
				ENABLE_USER_SELECTED_FILES = readwrite;
				GENERATE_INFOPLIST_FILE = YES;
				INFOPLIST_FILE = "FFU2-Daemon-Info.plist";
				INFOPLIST_KEY_CFBundleDisplayName = "FFU2 Daemon";
				INFOPLIST_KEY_LSBackgroundOnly = NO;
				INFOPLIST_KEY_LSUIElement = YES;
				INFOPLIST_KEY_NSHumanReadableCopyright = "";
				LD_RUNPATH_SEARCH_PATHS = (
					"$(inherited)",
					"@executable_path/../Frameworks",
				);
				MACOSX_DEPLOYMENT_TARGET = 26.0;
				MARKETING_VERSION = 1.0;
				PRODUCT_BUNDLE_IDENTIFIER = "ShowyaTanaka.FinderFileUtility-2.FFU2-Daemon";
				PRODUCT_NAME = "$(TARGET_NAME)";
				REGISTER_APP_GROUPS = YES;
				STRING_CATALOG_GENERATE_SYMBOLS = YES;
				SWIFT_APPROACHABLE_CONCURRENCY = YES;
				SWIFT_DEFAULT_ACTOR_ISOLATION = MainActor;
				SWIFT_EMIT_LOC_STRINGS = YES;
				SWIFT_UPCOMING_FEATURE_MEMBER_IMPORT_VISIBILITY = YES;
				SWIFT_VERSION = 5.0;
			};
			name = Debug;
		};
		53E5D2562EF4473500BCA538 /* Release */ = {
			isa = XCBuildConfiguration;
			buildSettings = {
				ASSETCATALOG_COMPILER_APPICON_NAME = AppIcon;
				ASSETCATALOG_COMPILER_GLOBAL_ACCENT_COLOR_NAME = AccentColor;
				CODE_SIGN_ENTITLEMENTS = "FFU2 Daemon/FFU2 Daemon.entitlements";
				CODE_SIGN_STYLE = Automatic;
				COMBINE_HIDPI_IMAGES = YES;
				CURRENT_PROJECT_VERSION = 1;
				DEAD_CODE_STRIPPING = YES;
				ENABLE_APP_SANDBOX = YES;
				ENABLE_HARDENED_RUNTIME = YES;
				ENABLE_INCOMING_NETWORK_CONNECTIONS = NO;
				ENABLE_OUTGOING_NETWORK_CONNECTIONS = NO;
				ENABLE_PREVIEWS = YES;
				ENABLE_RESOURCE_ACCESS_AUDIO_INPUT = NO;
				ENABLE_RESOURCE_ACCESS_BLUETOOTH = NO;
				ENABLE_RESOURCE_ACCESS_CALENDARS = NO;
				ENABLE_RESOURCE_ACCESS_CAMERA = NO;
				ENABLE_RESOURCE_ACCESS_CONTACTS = NO;
				ENABLE_RESOURCE_ACCESS_LOCATION = NO;
				ENABLE_RESOURCE_ACCESS_PRINTING = NO;
				ENABLE_RESOURCE_ACCESS_USB = NO;
				ENABLE_USER_SELECTED_FILES = readwrite;
				GENERATE_INFOPLIST_FILE = YES;
				INFOPLIST_FILE = "FFU2-Daemon-Info.plist";
				INFOPLIST_KEY_CFBundleDisplayName = "FFU2 Daemon";
				INFOPLIST_KEY_LSBackgroundOnly = NO;
				INFOPLIST_KEY_LSUIElement = YES;
				INFOPLIST_KEY_NSHumanReadableCopyright = "";
				LD_RUNPATH_SEARCH_PATHS = (
					"$(inherited)",
					"@executable_path/../Frameworks",
				);
				MACOSX_DEPLOYMENT_TARGET = 26.0;
				MARKETING_VERSION = 1.0;
				PRODUCT_BUNDLE_IDENTIFIER = "ShowyaTanaka.FinderFileUtility-2.FFU2-Daemon";
				PRODUCT_NAME = "$(TARGET_NAME)";
				REGISTER_APP_GROUPS = YES;
				STRING_CATALOG_GENERATE_SYMBOLS = YES;
				SWIFT_APPROACHABLE_CONCURRENCY = YES;
				SWIFT_DEFAULT_ACTOR_ISOLATION = MainActor;
				SWIFT_EMIT_LOC_STRINGS = YES;
				SWIFT_UPCOMING_FEATURE_MEMBER_IMPORT_VISIBILITY = YES;
				SWIFT_VERSION = 5.0;
			};
			name = Release;
		};
/* End XCBuildConfiguration section */

/* Begin XCConfigurationList section */
		537711C52CEDECDC00F40E3B /* Build configuration list for PBXProject "FinderFileUtility 2" */ = {
			isa = XCConfigurationList;
			buildConfigurations = (
				537711ED2CEDECDD00F40E3B /* Debug */,
				537711EE2CEDECDD00F40E3B /* Release */,
			);
			defaultConfigurationIsVisible = 0;
			defaultConfigurationName = Debug;
		};
		537711EF2CEDECDD00F40E3B /* Build configuration list for PBXNativeTarget "FinderFileUtility 2" */ = {
			isa = XCConfigurationList;
			buildConfigurations = (
				537711F02CEDECDD00F40E3B /* Debug */,
				537711F12CEDECDD00F40E3B /* Release */,
			);
			defaultConfigurationIsVisible = 0;
			defaultConfigurationName = Debug;
		};
		537711F22CEDECDD00F40E3B /* Build configuration list for PBXNativeTarget "FinderFileUtility 2Tests" */ = {
			isa = XCConfigurationList;
			buildConfigurations = (
				537711F32CEDECDD00F40E3B /* Debug */,
				537711F42CEDECDD00F40E3B /* Release */,
			);
			defaultConfigurationIsVisible = 0;
			defaultConfigurationName = Debug;
		};
		537711F52CEDECDD00F40E3B /* Build configuration list for PBXNativeTarget "FinderFileUtility 2UITests" */ = {
			isa = XCConfigurationList;
			buildConfigurations = (
				537711F62CEDECDD00F40E3B /* Debug */,
				537711F72CEDECDD00F40E3B /* Release */,
			);
			defaultConfigurationIsVisible = 0;
			defaultConfigurationName = Debug;
		};
		5377122E2CEDED4200F40E3B /* Build configuration list for PBXNativeTarget "FFU2 Extension" */ = {
			isa = XCConfigurationList;
			buildConfigurations = (
				5377122F2CEDED4200F40E3B /* Debug */,
				537712302CEDED4200F40E3B /* Release */,
			);
			defaultConfigurationIsVisible = 0;
			defaultConfigurationName = Debug;
		};
		53A24E3C2F07C85D006C51C0 /* Build configuration list for PBXNativeTarget "FFU2 DaemonTests" */ = {
			isa = XCConfigurationList;
			buildConfigurations = (
				53A24E3D2F07C85D006C51C0 /* Debug */,
				53A24E3E2F07C85D006C51C0 /* Release */,
			);
			defaultConfigurationIsVisible = 0;
			defaultConfigurationName = Debug;
		};
		53E5D2542EF4473500BCA538 /* Build configuration list for PBXNativeTarget "FFU2 Daemon" */ = {
			isa = XCConfigurationList;
			buildConfigurations = (
				53E5D2552EF4473500BCA538 /* Debug */,
				53E5D2562EF4473500BCA538 /* Release */,
			);
			defaultConfigurationIsVisible = 0;
			defaultConfigurationName = Debug;
		};
/* End XCConfigurationList section */
	};
	rootObject = 537711C22CEDECDC00F40E3B /* Project object */;
}
